
Microsoft Visual Studio Solution File, Format Version 12.00
# Visual Studio Version 16
VisualStudioVersion = 16.0.33423.256
MinimumVisualStudioVersion = 10.0.40219.1
Project("{FAE04EC0-301F-11D3-BF4B-00C04F79EFBC}") = "BookingAirline", "BookingAirline\BookingAirline.csproj", "{4ED460FC-26A7-42FA-8978-C3FF08C73A33}"
EndProject
Global
	GlobalSection(SolutionConfigurationPlatforms) = preSolution
		Debug|Any CPU = Debug|Any CPU
		Release|Any CPU = Release|Any CPU
	EndGlobalSection
	GlobalSection(ProjectConfigurationPlatforms) = postSolution
		{4ED460FC-26A7-42FA-8978-C3FF08C73A33}.Debug|Any CPU.ActiveCfg = Debug|Any CPU
		{4ED460FC-26A7-42FA-8978-C3FF08C73A33}.Debug|Any CPU.Build.0 = Debug|Any CPU
		{4ED460FC-26A7-42FA-8978-C3FF08C73A33}.Release|Any CPU.ActiveCfg = Release|Any CPU
		{4ED460FC-26A7-42FA-8978-C3FF08C73A33}.Release|Any CPU.Build.0 = Release|Any CPU
	EndGlobalSection
	GlobalSection(SolutionProperties) = preSolution
		HideSolutionNode = FALSE
	EndGlobalSection
	GlobalSection(ExtensibilityGlobals) = postSolution
		SolutionGuid = {E4F7C295-CC1C-4F1F-BB3B-75919A370809}
	EndGlobalSection
EndGlobal
